uuid: 7855da50-0b5b-4ed4-b57e-7b77b0ec830e
langcode: en
status: true
dependencies:
  module:
    - sprowt_subsite
  theme:
    - s3_subtheme
id: subsitemenublock
theme: s3_subtheme
region: header_mobile_menu
weight: -18
provider: null
plugin: subsite_menu_block
settings:
  id: subsite_menu_block
  label: 'Subsite menu block'
  label_display: '0'
  provider: sprowt_subsite
  level: 1
  depth: 0
  expand_all_items: true
  menu_field: field_main_menu
  suggestion: main
visibility:
  sprowt_subsite_condition:
    id: sprowt_subsite_condition
    negate: true
    context_mapping:
      node: '@node.node_route_context:node'
    use: true
    value:
      _main: _main
    hasNoFields: hide
