uuid: 7a60f31e-b264-4905-9ebb-790f302bccdd
langcode: en
status: true
dependencies:
  module:
    - bulk_update_fields
id: bulk_update_fields_on_layout_builder_browser_block
label: 'Bulk Update Layout builder browser block Fields'
type: layout_builder_browser_block
plugin: bulk_update_fields_action_base
configuration: {  }
